
Microsoft Visual Studio Solution File, Format Version 12.00
# Visual Studio Version 17
VisualStudioVersion = 17.7.34202.233
MinimumVisualStudioVersion = 10.0.40219.1
Project("{9A19103F-16F7-4668-BE54-9A1E7A4F7556}") = "TechCareer_BookProje", "TechCareer_BookProje.csproj", "{CD292DB0-BC61-4C7C-85EB-CFFB5B4A287F}"
EndProject
Global
	GlobalSection(SolutionConfigurationPlatforms) = preSolution
		Debug|Any CPU = Debug|Any CPU
		Release|Any CPU = Release|Any CPU
	EndGlobalSection
	GlobalSection(ProjectConfigurationPlatforms) = postSolution
		{CD292DB0-BC61-4C7C-85EB-CFFB5B4A287F}.Debug|Any CPU.ActiveCfg = Debug|Any CPU
		{CD292DB0-BC61-4C7C-85EB-CFFB5B4A287F}.Debug|Any CPU.Build.0 = Debug|Any CPU
		{CD292DB0-BC61-4C7C-85EB-CFFB5B4A287F}.Release|Any CPU.ActiveCfg = Release|Any CPU
		{CD292DB0-BC61-4C7C-85EB-CFFB5B4A287F}.Release|Any CPU.Build.0 = Release|Any CPU
	EndGlobalSection
	GlobalSection(SolutionProperties) = preSolution
		HideSolutionNode = FALSE
	EndGlobalSection
	GlobalSection(ExtensibilityGlobals) = postSolution
		SolutionGuid = {306104C8-84B5-441A-89D4-DD4B52201679}
	EndGlobalSection
EndGlobal
